{
  "name": "@takeyaqa/pict",
  "lockfileVersion": 3,
  "requires": true,
  "packages": {
    "": {
      "name": "@takeyaqa/pict",
      "workspaces": [
        "packages/pict-browser",
        "packages/pict-node"
      ]
    },
    "node_modules/@takeyaqa/pict-browser": {
      "resolved": "packages/pict-browser",
      "link": true
    },
    "node_modules/@takeyaqa/pict-node": {
      "resolved": "packages/pict-node",
      "link": true
    },
    "packages/pict-browser": {
      "name": "@takeyaqa/pict-browser",
      "version": "3.7.4-fork.1",
      "license": "MIT"
    },
    "packages/pict-node": {
      "name": "@takeyaqa/pict-node",
      "version": "3.7.4-fork.1",
      "license": "MIT"
    }
  }
}
